
Microsoft Visual Studio Solution File, Format Version 12.00
# Visual Studio Version 16
VisualStudioVersion = 16.0.30611.23
MinimumVisualStudioVersion = 10.0.40219.1
Project("{9A19103F-16F7-4668-BE54-9A1E7A4F7556}") = "DataAccess", "DataAccess\DataAccess.csproj", "{4E855AAE-EE56-4059-AD50-B3B4A4869218}"
EndProject
Project("{9A19103F-16F7-4668-BE54-9A1E7A4F7556}") = "Business", "Business\Business.csproj", "{C3317A90-4B1B-4F92-A293-7269F0FC18DC}"
EndProject
Project("{9A19103F-16F7-4668-BE54-9A1E7A4F7556}") = "Entities", "Entities\Entities.csproj", "{9018B34B-B753-4615-8532-F97E1C88CF96}"
EndProject
Project("{9A19103F-16F7-4668-BE54-9A1E7A4F7556}") = "ConsoleUI", "ConsoleUI\ConsoleUI.csproj", "{3A36026A-6235-4802-AB2E-1183F7B3C1B6}"
EndProject
Project("{9A19103F-16F7-4668-BE54-9A1E7A4F7556}") = "Core", "Core\Core.csproj", "{E1B68098-4A83-4E9E-AB4B-77587B81EFAC}"
EndProject
Project("{FAE04EC0-301F-11D3-BF4B-00C04F79EFBC}") = "WebAPI", "WebAPI\WebAPI.csproj", "{127AA280-62C4-421F-A203-4847EAE708D4}"
EndProject
Global
	GlobalSection(SolutionConfigurationPlatforms) = preSolution
		Debug|Any CPU = Debug|Any CPU
		Release|Any CPU = Release|Any CPU
	EndGlobalSection
	GlobalSection(ProjectConfigurationPlatforms) = postSolution
		{4E855AAE-EE56-4059-AD50-B3B4A4869218}.Debug|Any CPU.ActiveCfg = Debug|Any CPU
		{4E855AAE-EE56-4059-AD50-B3B4A4869218}.Debug|Any CPU.Build.0 = Debug|Any CPU
		{4E855AAE-EE56-4059-AD50-B3B4A4869218}.Release|Any CPU.ActiveCfg = Release|Any CPU
		{4E855AAE-EE56-4059-AD50-B3B4A4869218}.Release|Any CPU.Build.0 = Release|Any CPU
		{C3317A90-4B1B-4F92-A293-7269F0FC18DC}.Debug|Any CPU.ActiveCfg = Debug|Any CPU
		{C3317A90-4B1B-4F92-A293-7269F0FC18DC}.Debug|Any CPU.Build.0 = Debug|Any CPU
		{C3317A90-4B1B-4F92-A293-7269F0FC18DC}.Release|Any CPU.ActiveCfg = Release|Any CPU
		{C3317A90-4B1B-4F92-A293-7269F0FC18DC}.Release|Any CPU.Build.0 = Release|Any CPU
		{9018B34B-B753-4615-8532-F97E1C88CF96}.Debug|Any CPU.ActiveCfg = Debug|Any CPU
		{9018B34B-B753-4615-8532-F97E1C88CF96}.Debug|Any CPU.Build.0 = Debug|Any CPU
		{9018B34B-B753-4615-8532-F97E1C88CF96}.Release|Any CPU.ActiveCfg = Release|Any CPU
		{9018B34B-B753-4615-8532-F97E1C88CF96}.Release|Any CPU.Build.0 = Release|Any CPU
		{3A36026A-6235-4802-AB2E-1183F7B3C1B6}.Debug|Any CPU.ActiveCfg = Debug|Any CPU
		{3A36026A-6235-4802-AB2E-1183F7B3C1B6}.Debug|Any CPU.Build.0 = Debug|Any CPU
		{3A36026A-6235-4802-AB2E-1183F7B3C1B6}.Release|Any CPU.ActiveCfg = Release|Any CPU
		{3A36026A-6235-4802-AB2E-1183F7B3C1B6}.Release|Any CPU.Build.0 = Release|Any CPU
		{E1B68098-4A83-4E9E-AB4B-77587B81EFAC}.Debug|Any CPU.ActiveCfg = Debug|Any CPU
		{E1B68098-4A83-4E9E-AB4B-77587B81EFAC}.Debug|Any CPU.Build.0 = Debug|Any CPU
		{E1B68098-4A83-4E9E-AB4B-77587B81EFAC}.Release|Any CPU.ActiveCfg = Release|Any CPU
		{E1B68098-4A83-4E9E-AB4B-77587B81EFAC}.Release|Any CPU.Build.0 = Release|Any CPU
		{127AA280-62C4-421F-A203-4847EAE708D4}.Debug|Any CPU.ActiveCfg = Debug|Any CPU
		{127AA280-62C4-421F-A203-4847EAE708D4}.Debug|Any CPU.Build.0 = Debug|Any CPU
		{127AA280-62C4-421F-A203-4847EAE708D4}.Release|Any CPU.ActiveCfg = Release|Any CPU
		{127AA280-62C4-421F-A203-4847EAE708D4}.Release|Any CPU.Build.0 = Release|Any CPU
	EndGlobalSection
	GlobalSection(SolutionProperties) = preSolution
		HideSolutionNode = FALSE
	EndGlobalSection
	GlobalSection(ExtensibilityGlobals) = postSolution
		SolutionGuid = {0615A80A-A269-428D-B498-931BE5D18BEE}
	EndGlobalSection
EndGlobal
